// !$*UTF8*$!
{
	archiveVersion = 1;
	classes = {
	};
	objectVersion = 56;
	objects = {

/* Begin PBXBuildFile section */
		1C719CAB296ED6E5007CA1DC /* AppDelegate.swift in Sources */ = {isa = PBXBuildFile; fileRef = 1C719CAA296ED6E5007CA1DC /* AppDelegate.swift */; };
		1C7230BE2965B2950052BFA5 /* AppleSystemStatusMenuBarApp.swift in Sources */ = {isa = PBXBuildFile; fileRef = 1C7230BD2965B2950052BFA5 /* AppleSystemStatusMenuBarApp.swift */; };
		1C7230C02965B2950052BFA5 /* SystemStatusView.swift in Sources */ = {isa = PBXBuildFile; fileRef = 1C7230BF2965B2950052BFA5 /* SystemStatusView.swift */; };
		1C7230C22965B2980052BFA5 /* Assets.xcassets in Resources */ = {isa = PBXBuildFile; fileRef = 1C7230C12965B2980052BFA5 /* Assets.xcassets */; };
		1C7230C52965B2980052BFA5 /* Preview Assets.xcassets in Resources */ = {isa = PBXBuildFile; fileRef = 1C7230C42965B2980052BFA5 /* Preview Assets.xcassets */; };
		1C7230CD2965B2B50052BFA5 /* AppleSystemStatus.swift in Sources */ = {isa = PBXBuildFile; fileRef = 1C7230CC2965B2B50052BFA5 /* AppleSystemStatus.swift */; };
		1C7230D82965C7760052BFA5 /* Image+.swift in Sources */ = {isa = PBXBuildFile; fileRef = 1C7230D72965C7760052BFA5 /* Image+.swift */; };
		1C7230DA2965CB360052BFA5 /* APIClient.swift in Sources */ = {isa = PBXBuildFile; fileRef = 1C7230D92965CB360052BFA5 /* APIClient.swift */; };
		1C7230DC2965CB410052BFA5 /* Endpoint.swift in Sources */ = {isa = PBXBuildFile; fileRef = 1C7230DB2965CB410052BFA5 /* Endpoint.swift */; };
		1CBC39EB296971BB00E1EDB5 /* AppleRepository.swift in Sources */ = {isa = PBXBuildFile; fileRef = 1CBC39EA296971BB00E1EDB5 /* AppleRepository.swift */; };
		1CBC39ED29697D9C00E1EDB5 /* SystemStatuViewModel.swift in Sources */ = {isa = PBXBuildFile; fileRef = 1CBC39EC29697D9C00E1EDB5 /* SystemStatuViewModel.swift */; };
		1CBC3A2A296AD06600E1EDB5 /* ListLabelStyle.swift in Sources */ = {isa = PBXBuildFile; fileRef = 1CBC3A29296AD06600E1EDB5 /* ListLabelStyle.swift */; };
		1CBC3A2C296AE22200E1EDB5 /* SettingsView.swift in Sources */ = {isa = PBXBuildFile; fileRef = 1CBC3A2B296AE22200E1EDB5 /* SettingsView.swift */; };
		1CD725A12974518600AC5F6A /* GeneralView.swift in Sources */ = {isa = PBXBuildFile; fileRef = 1CD725A02974518600AC5F6A /* GeneralView.swift */; };
		1CD725A3297451CB00AC5F6A /* LicenseView.swift in Sources */ = {isa = PBXBuildFile; fileRef = 1CD725A2297451CB00AC5F6A /* LicenseView.swift */; };
		1CE5E6252976A4D30061E249 /* Color+.swift in Sources */ = {isa = PBXBuildFile; fileRef = 1CE5E6242976A4D30061E249 /* Color+.swift */; };
		1CE5E6272976BBAA0061E249 /* SystemStatusDetailView.swift in Sources */ = {isa = PBXBuildFile; fileRef = 1CE5E6262976BBAA0061E249 /* SystemStatusDetailView.swift */; };
		1CE5E6292976C8600061E249 /* View+.swift in Sources */ = {isa = PBXBuildFile; fileRef = 1CE5E6282976C8600061E249 /* View+.swift */; };
		1CEC3591297C4361005BA12F /* License.swift in Sources */ = {isa = PBXBuildFile; fileRef = 1CEC3590297C4361005BA12F /* License.swift */; };
		1CEC3593297C4466005BA12F /* SettingsViewModel.swift in Sources */ = {isa = PBXBuildFile; fileRef = 1CEC3592297C4466005BA12F /* SettingsViewModel.swift */; };
		1CEC3595297C4700005BA12F /* Locale.swift in Sources */ = {isa = PBXBuildFile; fileRef = 1CEC3594297C4700005BA12F /* Locale.swift */; };
/* End PBXBuildFile section */

/* Begin PBXFileReference section */
		1C719CAA296ED6E5007CA1DC /* AppDelegate.swift */ = {isa = PBXFileReference; lastKnownFileType = sourcecode.swift; path = AppDelegate.swift; sourceTree = "<group>"; };
		1C7230BA2965B2950052BFA5 /* AppleSystemStatusMenuBar.app */ = {isa = PBXFileReference; explicitFileType = wrapper.application; includeInIndex = 0; path = AppleSystemStatusMenuBar.app; sourceTree = BUILT_PRODUCTS_DIR; };
		1C7230BD2965B2950052BFA5 /* AppleSystemStatusMenuBarApp.swift */ = {isa = PBXFileReference; lastKnownFileType = sourcecode.swift; path = AppleSystemStatusMenuBarApp.swift; sourceTree = "<group>"; };
		1C7230BF2965B2950052BFA5 /* SystemStatusView.swift */ = {isa = PBXFileReference; lastKnownFileType = sourcecode.swift; path = SystemStatusView.swift; sourceTree = "<group>"; };
		1C7230C12965B2980052BFA5 /* Assets.xcassets */ = {isa = PBXFileReference; lastKnownFileType = folder.assetcatalog; path = Assets.xcassets; sourceTree = "<group>"; };
		1C7230C42965B2980052BFA5 /* Preview Assets.xcassets */ = {isa = PBXFileReference; lastKnownFileType = folder.assetcatalog; path = "Preview Assets.xcassets"; sourceTree = "<group>"; };
		1C7230C62965B2980052BFA5 /* AppleSystemStatusMenuBar.entitlements */ = {isa = PBXFileReference; lastKnownFileType = text.plist.entitlements; path = AppleSystemStatusMenuBar.entitlements; sourceTree = "<group>"; };
		1C7230CC2965B2B50052BFA5 /* AppleSystemStatus.swift */ = {isa = PBXFileReference; lastKnownFileType = sourcecode.swift; path = AppleSystemStatus.swift; sourceTree = "<group>"; };
		1C7230D72965C7760052BFA5 /* Image+.swift */ = {isa = PBXFileReference; lastKnownFileType = sourcecode.swift; path = "Image+.swift"; sourceTree = "<group>"; };
		1C7230D92965CB360052BFA5 /* APIClient.swift */ = {isa = PBXFileReference; lastKnownFileType = sourcecode.swift; path = APIClient.swift; sourceTree = "<group>"; };
		1C7230DB2965CB410052BFA5 /* Endpoint.swift */ = {isa = PBXFileReference; lastKnownFileType = sourcecode.swift; path = Endpoint.swift; sourceTree = "<group>"; };
		1CBC39EA296971BB00E1EDB5 /* AppleRepository.swift */ = {isa = PBXFileReference; lastKnownFileType = sourcecode.swift; path = AppleRepository.swift; sourceTree = "<group>"; };
		1CBC39EC29697D9C00E1EDB5 /* SystemStatuViewModel.swift */ = {isa = PBXFileReference; lastKnownFileType = sourcecode.swift; path = SystemStatuViewModel.swift; sourceTree = "<group>"; };
		1CBC3A29296AD06600E1EDB5 /* ListLabelStyle.swift */ = {isa = PBXFileReference; lastKnownFileType = sourcecode.swift; path = ListLabelStyle.swift; sourceTree = "<group>"; };
		1CBC3A2B296AE22200E1EDB5 /* SettingsView.swift */ = {isa = PBXFileReference; lastKnownFileType = sourcecode.swift; path = SettingsView.swift; sourceTree = "<group>"; };
		1CD725A02974518600AC5F6A /* GeneralView.swift */ = {isa = PBXFileReference; lastKnownFileType = sourcecode.swift; path = GeneralView.swift; sourceTree = "<group>"; };
		1CD725A2297451CB00AC5F6A /* LicenseView.swift */ = {isa = PBXFileReference; lastKnownFileType = sourcecode.swift; path = LicenseView.swift; sourceTree = "<group>"; };
		1CE5E6242976A4D30061E249 /* Color+.swift */ = {isa = PBXFileReference; lastKnownFileType = sourcecode.swift; path = "Color+.swift"; sourceTree = "<group>"; };
		1CE5E6262976BBAA0061E249 /* SystemStatusDetailView.swift */ = {isa = PBXFileReference; lastKnownFileType = sourcecode.swift; path = SystemStatusDetailView.swift; sourceTree = "<group>"; };
		1CE5E6282976C8600061E249 /* View+.swift */ = {isa = PBXFileReference; lastKnownFileType = sourcecode.swift; path = "View+.swift"; sourceTree = "<group>"; };
		1CEC3590297C4361005BA12F /* License.swift */ = {isa = PBXFileReference; lastKnownFileType = sourcecode.swift; path = License.swift; sourceTree = "<group>"; };
		1CEC3592297C4466005BA12F /* SettingsViewModel.swift */ = {isa = PBXFileReference; lastKnownFileType = sourcecode.swift; path = SettingsViewModel.swift; sourceTree = "<group>"; };
		1CEC3594297C4700005BA12F /* Locale.swift */ = {isa = PBXFileReference; lastKnownFileType = sourcecode.swift; path = Locale.swift; sourceTree = "<group>"; };
/* End PBXFileReference section */

/* Begin PBXFrameworksBuildPhase section */
		1C7230B72965B2950052BFA5 /* Frameworks */ = {
			isa = PBXFrameworksBuildPhase;
			buildActionMask = 2147483647;
			files = (
			);
			runOnlyForDeploymentPostprocessing = 0;
		};
/* End PBXFrameworksBuildPhase section */

/* Begin PBXGroup section */
		1C7230B12965B2950052BFA5 = {
			isa = PBXGroup;
			children = (
				1C7230BC2965B2950052BFA5 /* AppleSystemStatusMenuBar */,
				1C7230BB2965B2950052BFA5 /* Products */,
			);
			sourceTree = "<group>";
		};
		1C7230BB2965B2950052BFA5 /* Products */ = {
			isa = PBXGroup;
			children = (
				1C7230BA2965B2950052BFA5 /* AppleSystemStatusMenuBar.app */,
			);
			name = Products;
			sourceTree = "<group>";
		};
		1C7230BC2965B2950052BFA5 /* AppleSystemStatusMenuBar */ = {
			isa = PBXGroup;
			children = (
				1C7230D32965C42F0052BFA5 /* Application */,
				1C7230D22965C4120052BFA5 /* View */,
				1C7230D12965C4070052BFA5 /* ViewModel */,
				1C7230D02965C3FF0052BFA5 /* Model */,
				1C7230CF2965C3E90052BFA5 /* Extension */,
				1C7230CE2965C3D80052BFA5 /* Resource */,
				1C7230C32965B2980052BFA5 /* Preview Content */,
			);
			path = AppleSystemStatusMenuBar;
			sourceTree = "<group>";
		};
		1C7230C32965B2980052BFA5 /* Preview Content */ = {
			isa = PBXGroup;
			children = (
				1C7230C42965B2980052BFA5 /* Preview Assets.xcassets */,
			);
			path = "Preview Content";
			sourceTree = "<group>";
		};
		1C7230CE2965C3D80052BFA5 /* Resource */ = {
			isa = PBXGroup;
			children = (
				1C7230C12965B2980052BFA5 /* Assets.xcassets */,
			);
			path = Resource;
			sourceTree = "<group>";
		};
		1C7230CF2965C3E90052BFA5 /* Extension */ = {
			isa = PBXGroup;
			children = (
				1C7230D72965C7760052BFA5 /* Image+.swift */,
				1CE5E6242976A4D30061E249 /* Color+.swift */,
				1CE5E6282976C8600061E249 /* View+.swift */,
			);
			path = Extension;
			sourceTree = "<group>";
		};
		1C7230D02965C3FF0052BFA5 /* Model */ = {
			isa = PBXGroup;
			children = (
				1C7230D52965C4F10052BFA5 /* API */,
				1C7230D62965C4F60052BFA5 /* Repository */,
				1C7230D42965C4C40052BFA5 /* Entity */,
			);
			path = Model;
			sourceTree = "<group>";
		};
		1C7230D12965C4070052BFA5 /* ViewModel */ = {
			isa = PBXGroup;
			children = (
				1CBC39EC29697D9C00E1EDB5 /* SystemStatuViewModel.swift */,
				1CEC3592297C4466005BA12F /* SettingsViewModel.swift */,
			);
			path = ViewModel;
			sourceTree = "<group>";
		};
		1C7230D22965C4120052BFA5 /* View */ = {
			isa = PBXGroup;
			children = (
				1CD7259F2974514900AC5F6A /* MenuBar */,
				1CD7259E2974510F00AC5F6A /* Settings */,
				1CBC3A28296AD01E00E1EDB5 /* Style */,
			);
			path = View;
			sourceTree = "<group>";
		};
		1C7230D32965C42F0052BFA5 /* Application */ = {
			isa = PBXGroup;
			children = (
				1C7230C62965B2980052BFA5 /* AppleSystemStatusMenuBar.entitlements */,
				1C7230BD2965B2950052BFA5 /* AppleSystemStatusMenuBarApp.swift */,
				1C719CAA296ED6E5007CA1DC /* AppDelegate.swift */,
			);
			path = Application;
			sourceTree = "<group>";
		};
		1C7230D42965C4C40052BFA5 /* Entity */ = {
			isa = PBXGroup;
			children = (
				1C7230CC2965B2B50052BFA5 /* AppleSystemStatus.swift */,
				1CEC3590297C4361005BA12F /* License.swift */,
				1CEC3594297C4700005BA12F /* Locale.swift */,
			);
			path = Entity;
			sourceTree = "<group>";
		};
		1C7230D52965C4F10052BFA5 /* API */ = {
			isa = PBXGroup;
			children = (
				1C7230D92965CB360052BFA5 /* APIClient.swift */,
				1C7230DB2965CB410052BFA5 /* Endpoint.swift */,
			);
			path = API;
			sourceTree = "<group>";
		};
		1C7230D62965C4F60052BFA5 /* Repository */ = {
			isa = PBXGroup;
			children = (
				1CBC39EA296971BB00E1EDB5 /* AppleRepository.swift */,
			);
			path = Repository;
			sourceTree = "<group>";
		};
		1CBC3A28296AD01E00E1EDB5 /* Style */ = {
			isa = PBXGroup;
			children = (
				1CBC3A29296AD06600E1EDB5 /* ListLabelStyle.swift */,
			);
			path = Style;
			sourceTree = "<group>";
		};
		1CD7259E2974510F00AC5F6A /* Settings */ = {
			isa = PBXGroup;
			children = (
				1CBC3A2B296AE22200E1EDB5 /* SettingsView.swift */,
				1CD725A02974518600AC5F6A /* GeneralView.swift */,
				1CD725A2297451CB00AC5F6A /* LicenseView.swift */,
			);
			path = Settings;
			sourceTree = "<group>";
		};
		1CD7259F2974514900AC5F6A /* MenuBar */ = {
			isa = PBXGroup;
			children = (
				1C7230BF2965B2950052BFA5 /* SystemStatusView.swift */,
				1CE5E6262976BBAA0061E249 /* SystemStatusDetailView.swift */,
			);
			path = MenuBar;
			sourceTree = "<group>";
		};
/* End PBXGroup section */

/* Begin PBXNativeTarget section */
		1C7230B92965B2950052BFA5 /* AppleSystemStatusMenuBar */ = {
			isa = PBXNativeTarget;
			buildConfigurationList = 1C7230C92965B2980052BFA5 /* Build configuration list for PBXNativeTarget "AppleSystemStatusMenuBar" */;
			buildPhases = (
				1C7230B62965B2950052BFA5 /* Sources */,
				1C7230B72965B2950052BFA5 /* Frameworks */,
				1C7230B82965B2950052BFA5 /* Resources */,
				1C867B1A29730C5B000D1CF4 /* Build Release */,
				1CB647E829700F8C009BBCA6 /* Run SwiftLint */,
				1CE8796829731D7200467930 /* Run SwiftFormat */,
			);
			buildRules = (
			);
			dependencies = (
			);
			name = AppleSystemStatusMenuBar;
			packageProductDependencies = (
			);
			productName = AppleSystemStatusMenuBar;
			productReference = 1C7230BA2965B2950052BFA5 /* AppleSystemStatusMenuBar.app */;
			productType = "com.apple.product-type.application";
		};
/* End PBXNativeTarget section */

/* Begin PBXProject section */
		1C7230B22965B2950052BFA5 /* Project object */ = {
			isa = PBXProject;
			attributes = {
				BuildIndependentTargetsInParallel = 1;
				LastSwiftUpdateCheck = 1420;
				LastUpgradeCheck = 1420;
				TargetAttributes = {
					1C7230B92965B2950052BFA5 = {
						CreatedOnToolsVersion = 14.2;
					};
				};
			};
			buildConfigurationList = 1C7230B52965B2950052BFA5 /* Build configuration list for PBXProject "AppleSystemStatusMenuBar" */;
			compatibilityVersion = "Xcode 14.0";
			developmentRegion = en;
			hasScannedForEncodings = 0;
			knownRegions = (
				en,
				Base,
			);
			mainGroup = 1C7230B12965B2950052BFA5;
			packageReferences = (
			);
			productRefGroup = 1C7230BB2965B2950052BFA5 /* Products */;
			projectDirPath = "";
			projectRoot = "";
			targets = (
				1C7230B92965B2950052BFA5 /* AppleSystemStatusMenuBar */,
			);
		};
/* End PBXProject section */

/* Begin PBXResourcesBuildPhase section */
		1C7230B82965B2950052BFA5 /* Resources */ = {
			isa = PBXResourcesBuildPhase;
			buildActionMask = 2147483647;
			files = (
				1C7230C52965B2980052BFA5 /* Preview Assets.xcassets in Resources */,
				1C7230C22965B2980052BFA5 /* Assets.xcassets in Resources */,
			);
			runOnlyForDeploymentPostprocessing = 0;
		};
/* End PBXResourcesBuildPhase section */

/* Begin PBXShellScriptBuildPhase section */
		1C867B1A29730C5B000D1CF4 /* Build Release */ = {
			isa = PBXShellScriptBuildPhase;
			alwaysOutOfDate = 1;
			buildActionMask = 2147483647;
			files = (
			);
			inputFileListPaths = (
			);
			inputPaths = (
			);
			name = "Build Release";
			outputFileListPaths = (
			);
			outputPaths = (
			);
			runOnlyForDeploymentPostprocessing = 0;
			shellPath = /bin/sh;
			shellScript = "cd BuildTools\n\nxcrun --sdk macosx swift build -c release\n";
		};
		1CB647E829700F8C009BBCA6 /* Run SwiftLint */ = {
			isa = PBXShellScriptBuildPhase;
			alwaysOutOfDate = 1;
			buildActionMask = 2147483647;
			files = (
			);
			inputFileListPaths = (
			);
			inputPaths = (
			);
			name = "Run SwiftLint";
			outputFileListPaths = (
			);
			outputPaths = (
			);
			runOnlyForDeploymentPostprocessing = 0;
			shellPath = /bin/sh;
			shellScript = "cd BuildTools\n\nxcrun --sdk macosx swift build -c release \\\n--package-path .build/checkouts/SwiftLint \\\n--product swiftlint\n\n.build/checkouts/SwiftLint/.build/release/swiftlint lint --config $SRCROOT/.swiftlint.yml\n";
		};
		1CE8796829731D7200467930 /* Run SwiftFormat */ = {
			isa = PBXShellScriptBuildPhase;
			alwaysOutOfDate = 1;
			buildActionMask = 2147483647;
			files = (
			);
			inputFileListPaths = (
			);
			inputPaths = (
			);
			name = "Run SwiftFormat";
			outputFileListPaths = (
			);
			outputPaths = (
			);
			runOnlyForDeploymentPostprocessing = 0;
			shellPath = /bin/sh;
			shellScript = "cd BuildTools\n\nxcrun --sdk macosx swift build -c release \\\n--package-path .build/checkouts/SwiftFormat \\\n--product swiftformat\n\n.build/checkouts/SwiftFormat/.build/release/swiftformat $SRCROOT --config $SRCROOT/.swiftformat --swiftversion 5.7\n";
		};
/* End PBXShellScriptBuildPhase section */

/* Begin PBXSourcesBuildPhase section */
		1C7230B62965B2950052BFA5 /* Sources */ = {
			isa = PBXSourcesBuildPhase;
			buildActionMask = 2147483647;
			files = (
				1C719CAB296ED6E5007CA1DC /* AppDelegate.swift in Sources */,
				1CBC39EB296971BB00E1EDB5 /* AppleRepository.swift in Sources */,
				1CBC3A2C296AE22200E1EDB5 /* SettingsView.swift in Sources */,
				1C7230CD2965B2B50052BFA5 /* AppleSystemStatus.swift in Sources */,
				1CBC39ED29697D9C00E1EDB5 /* SystemStatuViewModel.swift in Sources */,
				1C7230D82965C7760052BFA5 /* Image+.swift in Sources */,
				1CE5E6272976BBAA0061E249 /* SystemStatusDetailView.swift in Sources */,
				1C7230C02965B2950052BFA5 /* SystemStatusView.swift in Sources */,
				1CEC3595297C4700005BA12F /* Locale.swift in Sources */,
				1CE5E6252976A4D30061E249 /* Color+.swift in Sources */,
				1C7230DA2965CB360052BFA5 /* APIClient.swift in Sources */,
				1CBC3A2A296AD06600E1EDB5 /* ListLabelStyle.swift in Sources */,
				1CD725A12974518600AC5F6A /* GeneralView.swift in Sources */,
				1CE5E6292976C8600061E249 /* View+.swift in Sources */,
				1C7230DC2965CB410052BFA5 /* Endpoint.swift in Sources */,
				1C7230BE2965B2950052BFA5 /* AppleSystemStatusMenuBarApp.swift in Sources */,
				1CEC3591297C4361005BA12F /* License.swift in Sources */,
				1CD725A3297451CB00AC5F6A /* LicenseView.swift in Sources */,
				1CEC3593297C4466005BA12F /* SettingsViewModel.swift in Sources */,
			);
			runOnlyForDeploymentPostprocessing = 0;
		};
/* End PBXSourcesBuildPhase section */

/* Begin XCBuildConfiguration section */
		1C7230C72965B2980052BFA5 /* Debug */ = {
			isa = XCBuildConfiguration;
			buildSettings = {
				ALWAYS_SEARCH_USER_PATHS = NO;
				CLANG_ANALYZER_NONNULL = YES;
				CLANG_ANALYZER_NUMBER_OBJECT_CONVERSION = YES_AGGRESSIVE;
				CLANG_CXX_LANGUAGE_STANDARD = "gnu++20";
				CLANG_ENABLE_MODULES = YES;
				CLANG_ENABLE_OBJC_ARC = YES;
				CLANG_ENABLE_OBJC_WEAK = YES;
				CLANG_WARN_BLOCK_CAPTURE_AUTORELEASING = YES;
				CLANG_WARN_BOOL_CONVERSION = YES;
				CLANG_WARN_COMMA = YES;
				CLANG_WARN_CONSTANT_CONVERSION = YES;
				CLANG_WARN_DEPRECATED_OBJC_IMPLEMENTATIONS = YES;
				CLANG_WARN_DIRECT_OBJC_ISA_USAGE = YES_ERROR;
				CLANG_WARN_DOCUMENTATION_COMMENTS = YES;
				CLANG_WARN_EMPTY_BODY = YES;
				CLANG_WARN_ENUM_CONVERSION = YES;
				CLANG_WARN_INFINITE_RECURSION = YES;
				CLANG_WARN_INT_CONVERSION = YES;
				CLANG_WARN_NON_LITERAL_NULL_CONVERSION = YES;
				CLANG_WARN_OBJC_IMPLICIT_RETAIN_SELF = YES;
				CLANG_WARN_OBJC_LITERAL_CONVERSION = YES;
				CLANG_WARN_OBJC_ROOT_CLASS = YES_ERROR;
				CLANG_WARN_QUOTED_INCLUDE_IN_FRAMEWORK_HEADER = YES;
				CLANG_WARN_RANGE_LOOP_ANALYSIS = YES;
				CLANG_WARN_STRICT_PROTOTYPES = YES;
				CLANG_WARN_SUSPICIOUS_MOVE = YES;
				CLANG_WARN_UNGUARDED_AVAILABILITY = YES_AGGRESSIVE;
				CLANG_WARN_UNREACHABLE_CODE = YES;
				CLANG_WARN__DUPLICATE_METHOD_MATCH = YES;
				COPY_PHASE_STRIP = NO;
				DEBUG_INFORMATION_FORMAT = dwarf;
				ENABLE_STRICT_OBJC_MSGSEND = YES;
				ENABLE_TESTABILITY = YES;
				GCC_C_LANGUAGE_STANDARD = gnu11;
				GCC_DYNAMIC_NO_PIC = NO;
				GCC_NO_COMMON_BLOCKS = YES;
				GCC_OPTIMIZATION_LEVEL = 0;
				GCC_PREPROCESSOR_DEFINITIONS = (
					"DEBUG=1",
					"$(inherited)",
				);
				GCC_WARN_64_TO_32_BIT_CONVERSION = YES;
				GCC_WARN_ABOUT_RETURN_TYPE = YES_ERROR;
				GCC_WARN_UNDECLARED_SELECTOR = YES;
				GCC_WARN_UNINITIALIZED_AUTOS = YES_AGGRESSIVE;
				GCC_WARN_UNUSED_FUNCTION = YES;
				GCC_WARN_UNUSED_VARIABLE = YES;
				MACOSX_DEPLOYMENT_TARGET = 13.1;
				MTL_ENABLE_DEBUG_INFO = INCLUDE_SOURCE;
				MTL_FAST_MATH = YES;
				ONLY_ACTIVE_ARCH = YES;
				SDKROOT = macosx;
				SWIFT_ACTIVE_COMPILATION_CONDITIONS = DEBUG;
				SWIFT_OPTIMIZATION_LEVEL = "-Onone";
			};
			name = Debug;
		};
		1C7230C82965B2980052BFA5 /* Release */ = {
			isa = XCBuildConfiguration;
			buildSettings = {
				ALWAYS_SEARCH_USER_PATHS = NO;
				CLANG_ANALYZER_NONNULL = YES;
				CLANG_ANALYZER_NUMBER_OBJECT_CONVERSION = YES_AGGRESSIVE;
				CLANG_CXX_LANGUAGE_STANDARD = "gnu++20";
				CLANG_ENABLE_MODULES = YES;
				CLANG_ENABLE_OBJC_ARC = YES;
				CLANG_ENABLE_OBJC_WEAK = YES;
				CLANG_WARN_BLOCK_CAPTURE_AUTORELEASING = YES;
				CLANG_WARN_BOOL_CONVERSION = YES;
				CLANG_WARN_COMMA = YES;
				CLANG_WARN_CONSTANT_CONVERSION = YES;
				CLANG_WARN_DEPRECATED_OBJC_IMPLEMENTATIONS = YES;
				CLANG_WARN_DIRECT_OBJC_ISA_USAGE = YES_ERROR;
				CLANG_WARN_DOCUMENTATION_COMMENTS = YES;
				CLANG_WARN_EMPTY_BODY = YES;
				CLANG_WARN_ENUM_CONVERSION = YES;
				CLANG_WARN_INFINITE_RECURSION = YES;
				CLANG_WARN_INT_CONVERSION = YES;
				CLANG_WARN_NON_LITERAL_NULL_CONVERSION = YES;
				CLANG_WARN_OBJC_IMPLICIT_RETAIN_SELF = YES;
				CLANG_WARN_OBJC_LITERAL_CONVERSION = YES;
				CLANG_WARN_OBJC_ROOT_CLASS = YES_ERROR;
				CLANG_WARN_QUOTED_INCLUDE_IN_FRAMEWORK_HEADER = YES;
				CLANG_WARN_RANGE_LOOP_ANALYSIS = YES;
				CLANG_WARN_STRICT_PROTOTYPES = YES;
				CLANG_WARN_SUSPICIOUS_MOVE = YES;
				CLANG_WARN_UNGUARDED_AVAILABILITY = YES_AGGRESSIVE;
				CLANG_WARN_UNREACHABLE_CODE = YES;
				CLANG_WARN__DUPLICATE_METHOD_MATCH = YES;
				COPY_PHASE_STRIP = NO;
				DEBUG_INFORMATION_FORMAT = "dwarf-with-dsym";
				ENABLE_NS_ASSERTIONS = NO;
				ENABLE_STRICT_OBJC_MSGSEND = YES;
				GCC_C_LANGUAGE_STANDARD = gnu11;
				GCC_NO_COMMON_BLOCKS = YES;
				GCC_WARN_64_TO_32_BIT_CONVERSION = YES;
				GCC_WARN_ABOUT_RETURN_TYPE = YES_ERROR;
				GCC_WARN_UNDECLARED_SELECTOR = YES;
				GCC_WARN_UNINITIALIZED_AUTOS = YES_AGGRESSIVE;
				GCC_WARN_UNUSED_FUNCTION = YES;
				GCC_WARN_UNUSED_VARIABLE = YES;
				MACOSX_DEPLOYMENT_TARGET = 13.1;
				MTL_ENABLE_DEBUG_INFO = NO;
				MTL_FAST_MATH = YES;
				SDKROOT = macosx;
				SWIFT_COMPILATION_MODE = wholemodule;
				SWIFT_OPTIMIZATION_LEVEL = "-O";
			};
			name = Release;
		};
		1C7230CA2965B2980052BFA5 /* Debug */ = {
			isa = XCBuildConfiguration;
			buildSettings = {
				ASSETCATALOG_COMPILER_APPICON_NAME = AppIcon;
				ASSETCATALOG_COMPILER_GLOBAL_ACCENT_COLOR_NAME = AccentColor;
				CODE_SIGN_ENTITLEMENTS = AppleSystemStatusMenuBar/Application/AppleSystemStatusMenuBar.entitlements;
				CODE_SIGN_STYLE = Automatic;
				COMBINE_HIDPI_IMAGES = YES;
				CURRENT_PROJECT_VERSION = 100;
				DEVELOPMENT_ASSET_PATHS = "\"AppleSystemStatusMenuBar/Preview Content\"";
				DEVELOPMENT_TEAM = 69BMRJXU5B;
				ENABLE_HARDENED_RUNTIME = YES;
				ENABLE_PREVIEWS = YES;
				GENERATE_INFOPLIST_FILE = YES;
				INFOPLIST_KEY_CFBundleDisplayName = AppleSystemStatus;
				INFOPLIST_KEY_LSApplicationCategoryType = "public.app-category.developer-tools";
				INFOPLIST_KEY_LSUIElement = YES;
				INFOPLIST_KEY_NSHumanReadableCopyright = "";
				LD_RUNPATH_SEARCH_PATHS = (
					"$(inherited)",
					"@executable_path/../Frameworks",
				);
				MARKETING_VERSION = 0.1.0;
				PRODUCT_BUNDLE_IDENTIFIER = com.AppleSystemStatusMenuBar;
				PRODUCT_NAME = "$(TARGET_NAME)";
				SWIFT_EMIT_LOC_STRINGS = YES;
				SWIFT_VERSION = 5.0;
			};
			name = Debug;
		};
		1C7230CB2965B2980052BFA5 /* Release */ = {
			isa = XCBuildConfiguration;
			buildSettings = {
				ASSETCATALOG_COMPILER_APPICON_NAME = AppIcon;
				ASSETCATALOG_COMPILER_GLOBAL_ACCENT_COLOR_NAME = AccentColor;
				CODE_SIGN_ENTITLEMENTS = AppleSystemStatusMenuBar/Application/AppleSystemStatusMenuBar.entitlements;
				CODE_SIGN_STYLE = Automatic;
				COMBINE_HIDPI_IMAGES = YES;
				CURRENT_PROJECT_VERSION = 100;
				DEVELOPMENT_ASSET_PATHS = "\"AppleSystemStatusMenuBar/Preview Content\"";
				DEVELOPMENT_TEAM = 69BMRJXU5B;
				ENABLE_HARDENED_RUNTIME = YES;
				ENABLE_PREVIEWS = YES;
				GENERATE_INFOPLIST_FILE = YES;
				INFOPLIST_KEY_CFBundleDisplayName = AppleSystemStatus;
				INFOPLIST_KEY_LSApplicationCategoryType = "public.app-category.developer-tools";
				INFOPLIST_KEY_LSUIElement = YES;
				INFOPLIST_KEY_NSHumanReadableCopyright = "";
				LD_RUNPATH_SEARCH_PATHS = (
					"$(inherited)",
					"@executable_path/../Frameworks",
				);
				MARKETING_VERSION = 0.1.0;
				PRODUCT_BUNDLE_IDENTIFIER = com.AppleSystemStatusMenuBar;
				PRODUCT_NAME = "$(TARGET_NAME)";
				SWIFT_EMIT_LOC_STRINGS = YES;
				SWIFT_VERSION = 5.0;
			};
			name = Release;
		};
/* End XCBuildConfiguration section */

/* Begin XCConfigurationList section */
		1C7230B52965B2950052BFA5 /* Build configuration list for PBXProject "AppleSystemStatusMenuBar" */ = {
			isa = XCConfigurationList;
			buildConfigurations = (
				1C7230C72965B2980052BFA5 /* Debug */,
				1C7230C82965B2980052BFA5 /* Release */,
			);
			defaultConfigurationIsVisible = 0;
			defaultConfigurationName = Release;
		};
		1C7230C92965B2980052BFA5 /* Build configuration list for PBXNativeTarget "AppleSystemStatusMenuBar" */ = {
			isa = XCConfigurationList;
			buildConfigurations = (
				1C7230CA2965B2980052BFA5 /* Debug */,
				1C7230CB2965B2980052BFA5 /* Release */,
			);
			defaultConfigurationIsVisible = 0;
			defaultConfigurationName = Release;
		};
/* End XCConfigurationList section */
	};
	rootObject = 1C7230B22965B2950052BFA5 /* Project object */;
}
